
Microsoft Visual Studio Solution File, Format Version 11.00
# Visual Web Developer Express 2010
Project("{FAE04EC0-301F-11D3-BF4B-00C04F79EFBC}") = "mvc3_sample", "mvc3_sample.csproj", "{EAC7BACE-B884-4A11-BAA8-4413B88F6A78}"
EndProject
Global
	GlobalSection(SolutionConfigurationPlatforms) = preSolution
		Debug|Any CPU = Debug|Any CPU
		Release|Any CPU = Release|Any CPU
	EndGlobalSection
	GlobalSection(ProjectConfigurationPlatforms) = postSolution
		{EAC7BACE-B884-4A11-BAA8-4413B88F6A78}.Debug|Any CPU.ActiveCfg = Debug|Any CPU
		{EAC7BACE-B884-4A11-BAA8-4413B88F6A78}.Debug|Any CPU.Build.0 = Debug|Any CPU
		{EAC7BACE-B884-4A11-BAA8-4413B88F6A78}.Release|Any CPU.ActiveCfg = Release|Any CPU
		{EAC7BACE-B884-4A11-BAA8-4413B88F6A78}.Release|Any CPU.Build.0 = Release|Any CPU
	EndGlobalSection
	GlobalSection(SolutionProperties) = preSolution
		HideSolutionNode = FALSE
	EndGlobalSection
EndGlobal
